// !$*UTF8*$!
{
	archiveVersion = 1;
	classes = {
	};
	objectVersion = 55;
	objects = {

/* Begin PBXBuildFile section */
		1B7AA7672730149300BD79E0 /* AppDelegate.swift in Sources */ = {isa = PBXBuildFile; fileRef = 1B7AA7662730149300BD79E0 /* AppDelegate.swift */; };
		1B7AA7692730149300BD79E0 /* SceneDelegate.swift in Sources */ = {isa = PBXBuildFile; fileRef = 1B7AA7682730149300BD79E0 /* SceneDelegate.swift */; };
		1B7AA76B2730149300BD79E0 /* ViewController.swift in Sources */ = {isa = PBXBuildFile; fileRef = 1B7AA76A2730149300BD79E0 /* ViewController.swift */; };
		1B7AA76E2730149300BD79E0 /* Main.storyboard in Resources */ = {isa = PBXBuildFile; fileRef = 1B7AA76C2730149300BD79E0 /* Main.storyboard */; };
		1B7AA7702730149700BD79E0 /* Assets.xcassets in Resources */ = {isa = PBXBuildFile; fileRef = 1B7AA76F2730149700BD79E0 /* Assets.xcassets */; };
		1B7AA7732730149700BD79E0 /* LaunchScreen.storyboard in Resources */ = {isa = PBXBuildFile; fileRef = 1B7AA7712730149700BD79E0 /* LaunchScreen.storyboard */; };
		1B7AA77B273015AE00BD79E0 /* Petitionn.swift in Sources */ = {isa = PBXBuildFile; fileRef = 1B7AA77A273015AE00BD79E0 /* Petitionn.swift */; };
		1B7AA77F27301EFD00BD79E0 /* NewsTableViewCell.swift in Sources */ = {isa = PBXBuildFile; fileRef = 1B7AA77E27301EFD00BD79E0 /* NewsTableViewCell.swift */; };
		1B7AA781273022BE00BD79E0 /* APIService.swift in Sources */ = {isa = PBXBuildFile; fileRef = 1B7AA780273022BE00BD79E0 /* APIService.swift */; };
		1B7AA7862732523E00BD79E0 /* PetitionsViewModel.swift in Sources */ = {isa = PBXBuildFile; fileRef = 1B7AA7852732523E00BD79E0 /* PetitionsViewModel.swift */; };
		1B7AA7892732543E00BD79E0 /* PetitionsTableViewDataSource.swift in Sources */ = {isa = PBXBuildFile; fileRef = 1B7AA7882732543E00BD79E0 /* PetitionsTableViewDataSource.swift */; };
/* End PBXBuildFile section */

/* Begin PBXFileReference section */
		1B7AA7632730149300BD79E0 /* MVVM_API.app */ = {isa = PBXFileReference; explicitFileType = wrapper.application; includeInIndex = 0; path = MVVM_API.app; sourceTree = BUILT_PRODUCTS_DIR; };
		1B7AA7662730149300BD79E0 /* AppDelegate.swift */ = {isa = PBXFileReference; lastKnownFileType = sourcecode.swift; path = AppDelegate.swift; sourceTree = "<group>"; };
		1B7AA7682730149300BD79E0 /* SceneDelegate.swift */ = {isa = PBXFileReference; lastKnownFileType = sourcecode.swift; path = SceneDelegate.swift; sourceTree = "<group>"; };
		1B7AA76A2730149300BD79E0 /* ViewController.swift */ = {isa = PBXFileReference; lastKnownFileType = sourcecode.swift; path = ViewController.swift; sourceTree = "<group>"; };
		1B7AA76D2730149300BD79E0 /* Base */ = {isa = PBXFileReference; lastKnownFileType = file.storyboard; name = Base; path = Base.lproj/Main.storyboard; sourceTree = "<group>"; };
		1B7AA76F2730149700BD79E0 /* Assets.xcassets */ = {isa = PBXFileReference; lastKnownFileType = folder.assetcatalog; path = Assets.xcassets; sourceTree = "<group>"; };
		1B7AA7722730149700BD79E0 /* Base */ = {isa = PBXFileReference; lastKnownFileType = file.storyboard; name = Base; path = Base.lproj/LaunchScreen.storyboard; sourceTree = "<group>"; };
		1B7AA7742730149700BD79E0 /* Info.plist */ = {isa = PBXFileReference; lastKnownFileType = text.plist.xml; path = Info.plist; sourceTree = "<group>"; };
		1B7AA77A273015AE00BD79E0 /* Petitionn.swift */ = {isa = PBXFileReference; lastKnownFileType = sourcecode.swift; path = Petitionn.swift; sourceTree = "<group>"; };
		1B7AA77E27301EFD00BD79E0 /* NewsTableViewCell.swift */ = {isa = PBXFileReference; lastKnownFileType = sourcecode.swift; path = NewsTableViewCell.swift; sourceTree = "<group>"; };
		1B7AA780273022BE00BD79E0 /* APIService.swift */ = {isa = PBXFileReference; lastKnownFileType = sourcecode.swift; path = APIService.swift; sourceTree = "<group>"; };
		1B7AA7852732523E00BD79E0 /* PetitionsViewModel.swift */ = {isa = PBXFileReference; lastKnownFileType = sourcecode.swift; path = PetitionsViewModel.swift; sourceTree = "<group>"; };
		1B7AA7882732543E00BD79E0 /* PetitionsTableViewDataSource.swift */ = {isa = PBXFileReference; lastKnownFileType = sourcecode.swift; path = PetitionsTableViewDataSource.swift; sourceTree = "<group>"; };
/* End PBXFileReference section */

/* Begin PBXFrameworksBuildPhase section */
		1B7AA7602730149300BD79E0 /* Frameworks */ = {
			isa = PBXFrameworksBuildPhase;
			buildActionMask = 2147483647;
			files = (
			);
			runOnlyForDeploymentPostprocessing = 0;
		};
/* End PBXFrameworksBuildPhase section */

/* Begin PBXGroup section */
		1B7AA75A2730149300BD79E0 = {
			isa = PBXGroup;
			children = (
				1B7AA7652730149300BD79E0 /* MVVM_API */,
				1B7AA7642730149300BD79E0 /* Products */,
			);
			sourceTree = "<group>";
		};
		1B7AA7642730149300BD79E0 /* Products */ = {
			isa = PBXGroup;
			children = (
				1B7AA7632730149300BD79E0 /* MVVM_API.app */,
			);
			name = Products;
			sourceTree = "<group>";
		};
		1B7AA7652730149300BD79E0 /* MVVM_API */ = {
			isa = PBXGroup;
			children = (
				1B7AA7742730149700BD79E0 /* Info.plist */,
				1B7AA7872732524600BD79E0 /* ViewModels */,
				1B7AA7822732513100BD79E0 /* WebService */,
				1B7AA7832732515E00BD79E0 /* Common */,
				1B7AA77C27301B0100BD79E0 /* Models */,
				1B7AA77D27301B3800BD79E0 /* Controllers */,
				1B7AA7842732519F00BD79E0 /* Base.Iproj */,
			);
			path = MVVM_API;
			sourceTree = "<group>";
		};
		1B7AA77C27301B0100BD79E0 /* Models */ = {
			isa = PBXGroup;
			children = (
				1B7AA77A273015AE00BD79E0 /* Petitionn.swift */,
			);
			path = Models;
			sourceTree = "<group>";
		};
		1B7AA77D27301B3800BD79E0 /* Controllers */ = {
			isa = PBXGroup;
			children = (
				1B7AA76A2730149300BD79E0 /* ViewController.swift */,
				1B7AA77E27301EFD00BD79E0 /* NewsTableViewCell.swift */,
			);
			path = Controllers;
			sourceTree = "<group>";
		};
		1B7AA7822732513100BD79E0 /* WebService */ = {
			isa = PBXGroup;
			children = (
				1B7AA780273022BE00BD79E0 /* APIService.swift */,
			);
			path = WebService;
			sourceTree = "<group>";
		};
		1B7AA7832732515E00BD79E0 /* Common */ = {
			isa = PBXGroup;
			children = (
				1B7AA7682730149300BD79E0 /* SceneDelegate.swift */,
				1B7AA7662730149300BD79E0 /* AppDelegate.swift */,
			);
			path = Common;
			sourceTree = "<group>";
		};
		1B7AA7842732519F00BD79E0 /* Base.Iproj */ = {
			isa = PBXGroup;
			children = (
				1B7AA76C2730149300BD79E0 /* Main.storyboard */,
				1B7AA76F2730149700BD79E0 /* Assets.xcassets */,
				1B7AA7712730149700BD79E0 /* LaunchScreen.storyboard */,
			);
			path = Base.Iproj;
			sourceTree = "<group>";
		};
		1B7AA7872732524600BD79E0 /* ViewModels */ = {
			isa = PBXGroup;
			children = (
				1B7AA7852732523E00BD79E0 /* PetitionsViewModel.swift */,
				1B7AA7882732543E00BD79E0 /* PetitionsTableViewDataSource.swift */,
			);
			path = ViewModels;
			sourceTree = "<group>";
		};
/* End PBXGroup section */

/* Begin PBXNativeTarget section */
		1B7AA7622730149300BD79E0 /* MVVM_API */ = {
			isa = PBXNativeTarget;
			buildConfigurationList = 1B7AA7772730149700BD79E0 /* Build configuration list for PBXNativeTarget "MVVM_API" */;
			buildPhases = (
				1B7AA75F2730149300BD79E0 /* Sources */,
				1B7AA7602730149300BD79E0 /* Frameworks */,
				1B7AA7612730149300BD79E0 /* Resources */,
			);
			buildRules = (
			);
			dependencies = (
			);
			name = MVVM_API;
			productName = MVVM_API;
			productReference = 1B7AA7632730149300BD79E0 /* MVVM_API.app */;
			productType = "com.apple.product-type.application";
		};
/* End PBXNativeTarget section */

/* Begin PBXProject section */
		1B7AA75B2730149300BD79E0 /* Project object */ = {
			isa = PBXProject;
			attributes = {
				BuildIndependentTargetsInParallel = 1;
				LastSwiftUpdateCheck = 1310;
				LastUpgradeCheck = 1310;
				TargetAttributes = {
					1B7AA7622730149300BD79E0 = {
						CreatedOnToolsVersion = 13.1;
					};
				};
			};
			buildConfigurationList = 1B7AA75E2730149300BD79E0 /* Build configuration list for PBXProject "MVVM_API" */;
			compatibilityVersion = "Xcode 13.0";
			developmentRegion = en;
			hasScannedForEncodings = 0;
			knownRegions = (
				en,
				Base,
			);
			mainGroup = 1B7AA75A2730149300BD79E0;
			productRefGroup = 1B7AA7642730149300BD79E0 /* Products */;
			projectDirPath = "";
			projectRoot = "";
			targets = (
				1B7AA7622730149300BD79E0 /* MVVM_API */,
			);
		};
/* End PBXProject section */

/* Begin PBXResourcesBuildPhase section */
		1B7AA7612730149300BD79E0 /* Resources */ = {
			isa = PBXResourcesBuildPhase;
			buildActionMask = 2147483647;
			files = (
				1B7AA7732730149700BD79E0 /* LaunchScreen.storyboard in Resources */,
				1B7AA7702730149700BD79E0 /* Assets.xcassets in Resources */,
				1B7AA76E2730149300BD79E0 /* Main.storyboard in Resources */,
			);
			runOnlyForDeploymentPostprocessing = 0;
		};
/* End PBXResourcesBuildPhase section */

/* Begin PBXSourcesBuildPhase section */
		1B7AA75F2730149300BD79E0 /* Sources */ = {
			isa = PBXSourcesBuildPhase;
			buildActionMask = 2147483647;
			files = (
				1B7AA77B273015AE00BD79E0 /* Petitionn.swift in Sources */,
				1B7AA76B2730149300BD79E0 /* ViewController.swift in Sources */,
				1B7AA7892732543E00BD79E0 /* PetitionsTableViewDataSource.swift in Sources */,
				1B7AA77F27301EFD00BD79E0 /* NewsTableViewCell.swift in Sources */,
				1B7AA7672730149300BD79E0 /* AppDelegate.swift in Sources */,
				1B7AA7862732523E00BD79E0 /* PetitionsViewModel.swift in Sources */,
				1B7AA781273022BE00BD79E0 /* APIService.swift in Sources */,
				1B7AA7692730149300BD79E0 /* SceneDelegate.swift in Sources */,
			);
			runOnlyForDeploymentPostprocessing = 0;
		};
/* End PBXSourcesBuildPhase section */

/* Begin PBXVariantGroup section */
		1B7AA76C2730149300BD79E0 /* Main.storyboard */ = {
			isa = PBXVariantGroup;
			children = (
				1B7AA76D2730149300BD79E0 /* Base */,
			);
			name = Main.storyboard;
			sourceTree = "<group>";
		};
		1B7AA7712730149700BD79E0 /* LaunchScreen.storyboard */ = {
			isa = PBXVariantGroup;
			children = (
				1B7AA7722730149700BD79E0 /* Base */,
			);
			name = LaunchScreen.storyboard;
			sourceTree = "<group>";
		};
/* End PBXVariantGroup section */

/* Begin XCBuildConfiguration section */
		1B7AA7752730149700BD79E0 /* Debug */ = {
			isa = XCBuildConfiguration;
			buildSettings = {
				ALWAYS_SEARCH_USER_PATHS = NO;
				CLANG_ANALYZER_NONNULL = YES;
				CLANG_ANALYZER_NUMBER_OBJECT_CONVERSION = YES_AGGRESSIVE;
				CLANG_CXX_LANGUAGE_STANDARD = "gnu++17";
				CLANG_CXX_LIBRARY = "libc++";
				CLANG_ENABLE_MODULES = YES;
				CLANG_ENABLE_OBJC_ARC = YES;
				CLANG_ENABLE_OBJC_WEAK = YES;
				CLANG_WARN_BLOCK_CAPTURE_AUTORELEASING = YES;
				CLANG_WARN_BOOL_CONVERSION = YES;
				CLANG_WARN_COMMA = YES;
				CLANG_WARN_CONSTANT_CONVERSION = YES;
				CLANG_WARN_DEPRECATED_OBJC_IMPLEMENTATIONS = YES;
				CLANG_WARN_DIRECT_OBJC_ISA_USAGE = YES_ERROR;
				CLANG_WARN_DOCUMENTATION_COMMENTS = YES;
				CLANG_WARN_EMPTY_BODY = YES;
				CLANG_WARN_ENUM_CONVERSION = YES;
				CLANG_WARN_INFINITE_RECURSION = YES;
				CLANG_WARN_INT_CONVERSION = YES;
				CLANG_WARN_NON_LITERAL_NULL_CONVERSION = YES;
				CLANG_WARN_OBJC_IMPLICIT_RETAIN_SELF = YES;
				CLANG_WARN_OBJC_LITERAL_CONVERSION = YES;
				CLANG_WARN_OBJC_ROOT_CLASS = YES_ERROR;
				CLANG_WARN_QUOTED_INCLUDE_IN_FRAMEWORK_HEADER = YES;
				CLANG_WARN_RANGE_LOOP_ANALYSIS = YES;
				CLANG_WARN_STRICT_PROTOTYPES = YES;
				CLANG_WARN_SUSPICIOUS_MOVE = YES;
				CLANG_WARN_UNGUARDED_AVAILABILITY = YES_AGGRESSIVE;
				CLANG_WARN_UNREACHABLE_CODE = YES;
				CLANG_WARN__DUPLICATE_METHOD_MATCH = YES;
				COPY_PHASE_STRIP = NO;
				DEBUG_INFORMATION_FORMAT = dwarf;
				ENABLE_STRICT_OBJC_MSGSEND = YES;
				ENABLE_TESTABILITY = YES;
				GCC_C_LANGUAGE_STANDARD = gnu11;
				GCC_DYNAMIC_NO_PIC = NO;
				GCC_NO_COMMON_BLOCKS = YES;
				GCC_OPTIMIZATION_LEVEL = 0;
				GCC_PREPROCESSOR_DEFINITIONS = (
					"DEBUG=1",
					"$(inherited)",
				);
				GCC_WARN_64_TO_32_BIT_CONVERSION = YES;
				GCC_WARN_ABOUT_RETURN_TYPE = YES_ERROR;
				GCC_WARN_UNDECLARED_SELECTOR = YES;
				GCC_WARN_UNINITIALIZED_AUTOS = YES_AGGRESSIVE;
				GCC_WARN_UNUSED_FUNCTION = YES;
				GCC_WARN_UNUSED_VARIABLE = YES;
				IPHONEOS_DEPLOYMENT_TARGET = 15.0;
				MTL_ENABLE_DEBUG_INFO = INCLUDE_SOURCE;
				MTL_FAST_MATH = YES;
				ONLY_ACTIVE_ARCH = YES;
				SDKROOT = iphoneos;
				SWIFT_ACTIVE_COMPILATION_CONDITIONS = DEBUG;
				SWIFT_OPTIMIZATION_LEVEL = "-Onone";
			};
			name = Debug;
		};
		1B7AA7762730149700BD79E0 /* Release */ = {
			isa = XCBuildConfiguration;
			buildSettings = {
				ALWAYS_SEARCH_USER_PATHS = NO;
				CLANG_ANALYZER_NONNULL = YES;
				CLANG_ANALYZER_NUMBER_OBJECT_CONVERSION = YES_AGGRESSIVE;
				CLANG_CXX_LANGUAGE_STANDARD = "gnu++17";
				CLANG_CXX_LIBRARY = "libc++";
				CLANG_ENABLE_MODULES = YES;
				CLANG_ENABLE_OBJC_ARC = YES;
				CLANG_ENABLE_OBJC_WEAK = YES;
				CLANG_WARN_BLOCK_CAPTURE_AUTORELEASING = YES;
				CLANG_WARN_BOOL_CONVERSION = YES;
				CLANG_WARN_COMMA = YES;
				CLANG_WARN_CONSTANT_CONVERSION = YES;
				CLANG_WARN_DEPRECATED_OBJC_IMPLEMENTATIONS = YES;
				CLANG_WARN_DIRECT_OBJC_ISA_USAGE = YES_ERROR;
				CLANG_WARN_DOCUMENTATION_COMMENTS = YES;
				CLANG_WARN_EMPTY_BODY = YES;
				CLANG_WARN_ENUM_CONVERSION = YES;
				CLANG_WARN_INFINITE_RECURSION = YES;
				CLANG_WARN_INT_CONVERSION = YES;
				CLANG_WARN_NON_LITERAL_NULL_CONVERSION = YES;
				CLANG_WARN_OBJC_IMPLICIT_RETAIN_SELF = YES;
				CLANG_WARN_OBJC_LITERAL_CONVERSION = YES;
				CLANG_WARN_OBJC_ROOT_CLASS = YES_ERROR;
				CLANG_WARN_QUOTED_INCLUDE_IN_FRAMEWORK_HEADER = YES;
				CLANG_WARN_RANGE_LOOP_ANALYSIS = YES;
				CLANG_WARN_STRICT_PROTOTYPES = YES;
				CLANG_WARN_SUSPICIOUS_MOVE = YES;
				CLANG_WARN_UNGUARDED_AVAILABILITY = YES_AGGRESSIVE;
				CLANG_WARN_UNREACHABLE_CODE = YES;
				CLANG_WARN__DUPLICATE_METHOD_MATCH = YES;
				COPY_PHASE_STRIP = NO;
				DEBUG_INFORMATION_FORMAT = "dwarf-with-dsym";
				ENABLE_NS_ASSERTIONS = NO;
				ENABLE_STRICT_OBJC_MSGSEND = YES;
				GCC_C_LANGUAGE_STANDARD = gnu11;
				GCC_NO_COMMON_BLOCKS = YES;
				GCC_WARN_64_TO_32_BIT_CONVERSION = YES;
				GCC_WARN_ABOUT_RETURN_TYPE = YES_ERROR;
				GCC_WARN_UNDECLARED_SELECTOR = YES;
				GCC_WARN_UNINITIALIZED_AUTOS = YES_AGGRESSIVE;
				GCC_WARN_UNUSED_FUNCTION = YES;
				GCC_WARN_UNUSED_VARIABLE = YES;
				IPHONEOS_DEPLOYMENT_TARGET = 15.0;
				MTL_ENABLE_DEBUG_INFO = NO;
				MTL_FAST_MATH = YES;
				SDKROOT = iphoneos;
				SWIFT_COMPILATION_MODE = wholemodule;
				SWIFT_OPTIMIZATION_LEVEL = "-O";
				VALIDATE_PRODUCT = YES;
			};
			name = Release;
		};
		1B7AA7782730149700BD79E0 /* Debug */ = {
			isa = XCBuildConfiguration;
			buildSettings = {
				ASSETCATALOG_COMPILER_APPICON_NAME = AppIcon;
				ASSETCATALOG_COMPILER_GLOBAL_ACCENT_COLOR_NAME = AccentColor;
				CODE_SIGN_STYLE = Automatic;
				CURRENT_PROJECT_VERSION = 1;
				DEVELOPMENT_TEAM = 5MNU4WM44M;
				GENERATE_INFOPLIST_FILE = YES;
				INFOPLIST_FILE = MVVM_API/Info.plist;
				INFOPLIST_KEY_UIApplicationSupportsIndirectInputEvents = YES;
				INFOPLIST_KEY_UILaunchStoryboardName = LaunchScreen;
				INFOPLIST_KEY_UIMainStoryboardFile = Main;
				INFOPLIST_KEY_UISupportedInterfaceOrientations_iPad = "UIInterfaceOrientationPortrait UIInterfaceOrientationPortraitUpsideDown UIInterfaceOrientationLandscapeLeft UIInterfaceOrientationLandscapeRight";
				INFOPLIST_KEY_UISupportedInterfaceOrientations_iPhone = "UIInterfaceOrientationPortrait UIInterfaceOrientationLandscapeLeft UIInterfaceOrientationLandscapeRight";
				LD_RUNPATH_SEARCH_PATHS = (
					"$(inherited)",
					"@executable_path/Frameworks",
				);
				MARKETING_VERSION = 1.0;
				PRODUCT_BUNDLE_IDENTIFIER = "com.sinankulen.MVVM-API";
				PRODUCT_NAME = "$(TARGET_NAME)";
				SWIFT_EMIT_LOC_STRINGS = YES;
				SWIFT_VERSION = 5.0;
				TARGETED_DEVICE_FAMILY = "1,2";
			};
			name = Debug;
		};
		1B7AA7792730149700BD79E0 /* Release */ = {
			isa = XCBuildConfiguration;
			buildSettings = {
				ASSETCATALOG_COMPILER_APPICON_NAME = AppIcon;
				ASSETCATALOG_COMPILER_GLOBAL_ACCENT_COLOR_NAME = AccentColor;
				CODE_SIGN_STYLE = Automatic;
				CURRENT_PROJECT_VERSION = 1;
				DEVELOPMENT_TEAM = 5MNU4WM44M;
				GENERATE_INFOPLIST_FILE = YES;
				INFOPLIST_FILE = MVVM_API/Info.plist;
				INFOPLIST_KEY_UIApplicationSupportsIndirectInputEvents = YES;
				INFOPLIST_KEY_UILaunchStoryboardName = LaunchScreen;
				INFOPLIST_KEY_UIMainStoryboardFile = Main;
				INFOPLIST_KEY_UISupportedInterfaceOrientations_iPad = "UIInterfaceOrientationPortrait UIInterfaceOrientationPortraitUpsideDown UIInterfaceOrientationLandscapeLeft UIInterfaceOrientationLandscapeRight";
				INFOPLIST_KEY_UISupportedInterfaceOrientations_iPhone = "UIInterfaceOrientationPortrait UIInterfaceOrientationLandscapeLeft UIInterfaceOrientationLandscapeRight";
				LD_RUNPATH_SEARCH_PATHS = (
					"$(inherited)",
					"@executable_path/Frameworks",
				);
				MARKETING_VERSION = 1.0;
				PRODUCT_BUNDLE_IDENTIFIER = "com.sinankulen.MVVM-API";
				PRODUCT_NAME = "$(TARGET_NAME)";
				SWIFT_EMIT_LOC_STRINGS = YES;
				SWIFT_VERSION = 5.0;
				TARGETED_DEVICE_FAMILY = "1,2";
			};
			name = Release;
		};
/* End XCBuildConfiguration section */

/* Begin XCConfigurationList section */
		1B7AA75E2730149300BD79E0 /* Build configuration list for PBXProject "MVVM_API" */ = {
			isa = XCConfigurationList;
			buildConfigurations = (
				1B7AA7752730149700BD79E0 /* Debug */,
				1B7AA7762730149700BD79E0 /* Release */,
			);
			defaultConfigurationIsVisible = 0;
			defaultConfigurationName = Release;
		};
		1B7AA7772730149700BD79E0 /* Build configuration list for PBXNativeTarget "MVVM_API" */ = {
			isa = XCConfigurationList;
			buildConfigurations = (
				1B7AA7782730149700BD79E0 /* Debug */,
				1B7AA7792730149700BD79E0 /* Release */,
			);
			defaultConfigurationIsVisible = 0;
			defaultConfigurationName = Release;
		};
/* End XCConfigurationList section */
	};
	rootObject = 1B7AA75B2730149300BD79E0 /* Project object */;
}
